
Microsoft Visual Studio Solution File, Format Version 12.00
# Visual Studio Version 16
VisualStudioVersion = 16.0.31613.86
MinimumVisualStudioVersion = 10.0.40219.1
Project("{00D1A9C2-B5F0-4AF3-8072-F6C62B433612}") = "BDMercMax", "BDMercMax.sqlproj", "{E0686D19-0349-4825-A194-E633D7DEDD32}"
EndProject
Global
	GlobalSection(SolutionConfigurationPlatforms) = preSolution
		Debug|Any CPU = Debug|Any CPU
		Release|Any CPU = Release|Any CPU
	EndGlobalSection
	GlobalSection(ProjectConfigurationPlatforms) = postSolution
		{E0686D19-0349-4825-A194-E633D7DEDD32}.Debug|Any CPU.ActiveCfg = Debug|Any CPU
		{E0686D19-0349-4825-A194-E633D7DEDD32}.Debug|Any CPU.Build.0 = Debug|Any CPU
		{E0686D19-0349-4825-A194-E633D7DEDD32}.Debug|Any CPU.Deploy.0 = Debug|Any CPU
		{E0686D19-0349-4825-A194-E633D7DEDD32}.Release|Any CPU.ActiveCfg = Release|Any CPU
		{E0686D19-0349-4825-A194-E633D7DEDD32}.Release|Any CPU.Build.0 = Release|Any CPU
		{E0686D19-0349-4825-A194-E633D7DEDD32}.Release|Any CPU.Deploy.0 = Release|Any CPU
	EndGlobalSection
	GlobalSection(SolutionProperties) = preSolution
		HideSolutionNode = FALSE
	EndGlobalSection
	GlobalSection(ExtensibilityGlobals) = postSolution
		SolutionGuid = {43336185-DEA5-4B5E-990C-890CC75790BB}
	EndGlobalSection
EndGlobal
