
Microsoft Visual Studio Solution File, Format Version 12.00
# Visual Studio Version 16
VisualStudioVersion = 16.0.31613.86
MinimumVisualStudioVersion = 10.0.40219.1
Project("{FAE04EC0-301F-11D3-BF4B-00C04F79EFBC}") = "Foroprac1", "Foroprac1.csproj", "{9F3A4742-F800-4268-88F1-6DD0A301249C}"
EndProject
Global
	GlobalSection(SolutionConfigurationPlatforms) = preSolution
		Debug|Any CPU = Debug|Any CPU
		Release|Any CPU = Release|Any CPU
	EndGlobalSection
	GlobalSection(ProjectConfigurationPlatforms) = postSolution
		{9F3A4742-F800-4268-88F1-6DD0A301249C}.Debug|Any CPU.ActiveCfg = Debug|Any CPU
		{9F3A4742-F800-4268-88F1-6DD0A301249C}.Debug|Any CPU.Build.0 = Debug|Any CPU
		{9F3A4742-F800-4268-88F1-6DD0A301249C}.Release|Any CPU.ActiveCfg = Release|Any CPU
		{9F3A4742-F800-4268-88F1-6DD0A301249C}.Release|Any CPU.Build.0 = Release|Any CPU
	EndGlobalSection
	GlobalSection(SolutionProperties) = preSolution
		HideSolutionNode = FALSE
	EndGlobalSection
	GlobalSection(ExtensibilityGlobals) = postSolution
		SolutionGuid = {A108CE5E-2147-4EC0-8B7A-547AC547FAE6}
	EndGlobalSection
EndGlobal
